
Microsoft Visual Studio Solution File, Format Version 12.00
# Visual Studio 15
VisualStudioVersion = 15.0.27130.2020
MinimumVisualStudioVersion = 10.0.40219.1
Project("{FAE04EC0-301F-11D3-BF4B-00C04F79EFBC}") = "ECommerce", "ECommerce\ECommerce.csproj", "{58BAA24D-5774-47E3-8580-8F022587F7F5}"
EndProject
Global
	GlobalSection(SolutionConfigurationPlatforms) = preSolution
		Debug|Any CPU = Debug|Any CPU
		Release|Any CPU = Release|Any CPU
	EndGlobalSection
	GlobalSection(ProjectConfigurationPlatforms) = postSolution
		{58BAA24D-5774-47E3-8580-8F022587F7F5}.Debug|Any CPU.ActiveCfg = Debug|Any CPU
		{58BAA24D-5774-47E3-8580-8F022587F7F5}.Debug|Any CPU.Build.0 = Debug|Any CPU
		{58BAA24D-5774-47E3-8580-8F022587F7F5}.Release|Any CPU.ActiveCfg = Release|Any CPU
		{58BAA24D-5774-47E3-8580-8F022587F7F5}.Release|Any CPU.Build.0 = Release|Any CPU
	EndGlobalSection
	GlobalSection(SolutionProperties) = preSolution
		HideSolutionNode = FALSE
	EndGlobalSection
	GlobalSection(ExtensibilityGlobals) = postSolution
		SolutionGuid = {6C7FB0C8-8252-4247-8EEA-752629FB500D}
	EndGlobalSection
EndGlobal
